{
  "version": 4,
  "terraform_version": "0.12.24",
  "serial": 3,
  "lineage": "94eaa2c5-c5ed-a741-7257-52c8d5ccb715",
  "outputs": {
    "endpoint": {
      "value": "104.154.99.158",
      "type": "string"
    },
    "master_version": {
      "value": "1.14.10-gke.27",
      "type": "string"
    }
  },
  "resources": [
    {
      "mode": "managed",
      "type": "google_container_cluster",
      "name": "primary",
      "provider": "provider.google",
      "instances": [
        {
          "schema_version": 1,
          "attributes": {
            "additional_zones": [],
            "addons_config": [
              {
                "horizontal_pod_autoscaling": [],
                "http_load_balancing": [],
                "kubernetes_dashboard": [],
                "network_policy_config": [
                  {
                    "disabled": true
                  }
                ]
              }
            ],
            "authenticator_groups_config": [],
            "cluster_autoscaling": [
              {
                "auto_provisioning_defaults": [],
                "enabled": false,
                "resource_limits": []
              }
            ],
            "cluster_ipv4_cidr": "10.12.0.0/14",
            "default_max_pods_per_node": 110,
            "description": "Test Cluster",
            "enable_binary_authorization": null,
            "enable_intranode_visibility": null,
            "enable_kubernetes_alpha": false,
            "enable_legacy_abac": false,
            "enable_tpu": null,
            "endpoint": "104.154.99.158",
            "id": "projects/devops-soabel/locations/us-central1/clusters/exam-cluster-task1",
            "initial_node_count": 1,
            "instance_group_urls": [],
            "ip_allocation_policy": [],
            "location": "us-central1",
            "logging_service": "logging.googleapis.com/kubernetes",
            "maintenance_policy": [],
            "master_auth": [
              {
                "client_certificate": "",
                "client_certificate_config": [
                  {
                    "issue_client_certificate": false
                  }
                ],
                "client_key": "",
                "cluster_ca_certificate": "LS0tLS1CRUdJTiBDRVJUSUZJQ0FURS0tLS0tCk1JSURERENDQWZTZ0F3SUJBZ0lSQUtGRko4MkZYbkhZZllaQmNZNlhCUzB3RFFZSktvWklodmNOQVFFTEJRQXcKTHpFdE1Dc0dBMVVFQXhNa1pUSTFZV1F3TXpBdE1HUmlNUzAwTXpsa0xXRXdNRGt0Wm1RNU5qTTFZVEZoWkRJegpNQjRYRFRJd01EUXhNVEE0TVRJME9Gb1hEVEkxTURReE1EQTVNVEkwT0Zvd0x6RXRNQ3NHQTFVRUF4TWtaVEkxCllXUXdNekF0TUdSaU1TMDBNemxrTFdFd01Ea3RabVE1TmpNMVlURmhaREl6TUlJQklqQU5CZ2txaGtpRzl3MEIKQVFFRkFBT0NBUThBTUlJQkNnS0NBUUVBMFMxS2NKSHZTWmtLTlNCRlhjUUl4NUlnaXNXSldvZmlZNlIxb01uOApBTUNNekxYL3VNZTFmenRUdGc5RUo3QWpvM3dDTlp5KzVobC9ZakFVMDVoUVlBMm9sWXpRSVN3d1hqY2RCRlZWCnRrNEt2TWZzRUo2UW04cm5QWmlrWnUzVXdXY0xzQjY2dHJlcU56NXNsblNhMlJFVUg4M1BORnlnaFZqSmVWbUIKWGJtOFc2cGI5Y3owZDlidjhvci9XNTNqc1FkQlpCZDF4eXgxTXVwdk11dGN6S1VZRks4WXhlQXVOVmNrbnA4NgpkQVdaY21rUno4NGZqdnRRbTZmdDhlQmpWOE5kbHROTDFGK2IyOXkraVlWcEM5bURmQXpWZjA0bXhRRXlORm4xCmtqeXlleTY0Ym5IZi9mMjBmNDdNQWNBZW1hR1hpZENpUEVjVThaUzNZd2cwWVFJREFRQUJveU13SVRBT0JnTlYKSFE4QkFmOEVCQU1DQWdRd0R3WURWUjBUQVFIL0JBVXdBd0VCL3pBTkJna3Foa2lHOXcwQkFRc0ZBQU9DQVFFQQpnWktpVksrdExlREdCanQyVXRVMVgzaXF0Q1FQWGZ4Y1dvYU92cFZtcnZFWUFQanlwbWlxSlBPNHU4U1V6Q3U5CnkxS3BKTEkyTUFUUFdBSmhVWkpxc21ybFRNT2pMVUNSdUVBeTk3SUlRYS83dVhkdGdhdHZIYXVhQ0xNVktFdDEKSEZlOUd5YXBMek9Tay8yQVlZL04zd09RTnFKemVIUzZuRXVtRkRxcDN0c1pQclYrVW1WaUxEc1dzZWhkRm1QdAo5OTZRZ1hINjhRVnZ1Q2FDSkIveUhibSsxYTdzTWY4TlhWditXd09mWnF3UHAwZnhXYTA5NUtGTTk0V1IwQnlSClc2bjNPSnYxWEtsQUgvUUNSUm1wUFc4WitrQWMwUERKeVcrdTRqOXEyYm94SWoxSjZzSEhVL2V6UWtpU05kUUQKYmdsZEZjdjIyengza293U2xCUEhwUT09Ci0tLS0tRU5EIENFUlRJRklDQVRFLS0tLS0K",
                "password": "",
                "username": ""
              }
            ],
            "master_authorized_networks_config": [],
            "master_version": "1.14.10-gke.27",
            "min_master_version": null,
            "monitoring_service": "monitoring.googleapis.com/kubernetes",
            "name": "exam-cluster-task1",
            "network": "projects/devops-soabel/global/networks/default",
            "network_policy": [
              {
                "enabled": false,
                "provider": "PROVIDER_UNSPECIFIED"
              }
            ],
            "node_config": [],
            "node_locations": [
              "us-central1-a",
              "us-central1-b",
              "us-central1-f"
            ],
            "node_pool": [],
            "node_version": "1.14.10-gke.27",
            "operation": null,
            "pod_security_policy_config": null,
            "private_cluster_config": [],
            "project": "devops-soabel",
            "region": null,
            "remove_default_node_pool": true,
            "resource_labels": null,
            "services_ipv4_cidr": "10.15.240.0/20",
            "subnetwork": "projects/devops-soabel/regions/us-central1/subnetworks/default",
            "timeouts": null,
            "vertical_pod_autoscaling": [],
            "zone": null
          },
          "private": "eyJlMmJmYjczMC1lY2FhLTExZTYtOGY4OC0zNDM2M2JjN2M0YzAiOnsiY3JlYXRlIjoyNDAwMDAwMDAwMDAwLCJkZWxldGUiOjI0MDAwMDAwMDAwMDAsInVwZGF0ZSI6MzYwMDAwMDAwMDAwMH0sInNjaGVtYV92ZXJzaW9uIjoiMSJ9"
        }
      ]
    },
    {
      "mode": "managed",
      "type": "google_container_node_pool",
      "name": "primary_nodes",
      "provider": "provider.google",
      "instances": [
        {
          "schema_version": 1,
          "attributes": {
            "autoscaling": [],
            "cluster": "exam-cluster-task1",
            "id": "projects/devops-soabel/locations/us-central1/clusters/exam-cluster-task1/nodePools/exam-cluster-task1-node-pool",
            "initial_node_count": 1,
            "instance_group_urls": [
              "https://www.googleapis.com/compute/v1/projects/devops-soabel/zones/us-central1-a/instanceGroupManagers/gke-exam-cluster-tas-exam-cluster-tas-0eb87a66-grp",
              "https://www.googleapis.com/compute/v1/projects/devops-soabel/zones/us-central1-f/instanceGroupManagers/gke-exam-cluster-tas-exam-cluster-tas-ddfc1cb0-grp",
              "https://www.googleapis.com/compute/v1/projects/devops-soabel/zones/us-central1-b/instanceGroupManagers/gke-exam-cluster-tas-exam-cluster-tas-5b55c7c4-grp"
            ],
            "location": "us-central1",
            "management": [
              {
                "auto_repair": false,
                "auto_upgrade": true
              }
            ],
            "max_pods_per_node": null,
            "name": "exam-cluster-task1-node-pool",
            "name_prefix": "",
            "node_config": [
              {
                "disk_size_gb": 100,
                "disk_type": "pd-standard",
                "guest_accelerator": [],
                "image_type": "COS",
                "labels": {},
                "local_ssd_count": 0,
                "machine_type": "n1-standard-1",
                "metadata": {
                  "disable-legacy-endpoints": "true"
                },
                "min_cpu_platform": "",
                "oauth_scopes": [
                  "https://www.googleapis.com/auth/logging.write",
                  "https://www.googleapis.com/auth/monitoring"
                ],
                "preemptible": true,
                "sandbox_config": [],
                "service_account": "default",
                "shielded_instance_config": [
                  {
                    "enable_integrity_monitoring": true,
                    "enable_secure_boot": false
                  }
                ],
                "tags": null,
                "taint": [],
                "workload_metadata_config": []
              }
            ],
            "node_count": 1,
            "project": "devops-soabel",
            "region": null,
            "timeouts": null,
            "version": "1.14.10-gke.27",
            "zone": null
          },
          "private": "eyJlMmJmYjczMC1lY2FhLTExZTYtOGY4OC0zNDM2M2JjN2M0YzAiOnsiY3JlYXRlIjoxODAwMDAwMDAwMDAwLCJkZWxldGUiOjE4MDAwMDAwMDAwMDAsInVwZGF0ZSI6MTgwMDAwMDAwMDAwMH0sInNjaGVtYV92ZXJzaW9uIjoiMSJ9",
          "dependencies": [
            "google_container_cluster.primary"
          ]
        }
      ]
    }
  ]
}
