{
  "version": 4,
  "terraform_version": "0.12.24",
  "serial": 3,
  "lineage": "07e935cd-adab-5ebb-b03c-467703d022bd",
  "outputs": {
    "endpoint": {
      "value": "34.66.52.11",
      "type": "string"
    },
    "master_version": {
      "value": "1.14.10-gke.27",
      "type": "string"
    }
  },
  "resources": [
    {
      "mode": "managed",
      "type": "google_container_cluster",
      "name": "primary",
      "provider": "provider.google",
      "instances": [
        {
          "schema_version": 1,
          "attributes": {
            "additional_zones": [],
            "addons_config": [
              {
                "horizontal_pod_autoscaling": [],
                "http_load_balancing": [],
                "kubernetes_dashboard": [],
                "network_policy_config": [
                  {
                    "disabled": true
                  }
                ]
              }
            ],
            "authenticator_groups_config": [],
            "cluster_autoscaling": [
              {
                "auto_provisioning_defaults": [],
                "enabled": false,
                "resource_limits": []
              }
            ],
            "cluster_ipv4_cidr": "10.20.0.0/14",
            "default_max_pods_per_node": 110,
            "description": "Cluster k8 to task 1",
            "enable_binary_authorization": null,
            "enable_intranode_visibility": null,
            "enable_kubernetes_alpha": false,
            "enable_legacy_abac": false,
            "enable_tpu": null,
            "endpoint": "34.66.52.11",
            "id": "projects/exam-devops/locations/us-central1/clusters/exam-cluster",
            "initial_node_count": 1,
            "instance_group_urls": [],
            "ip_allocation_policy": [],
            "location": "us-central1",
            "logging_service": "logging.googleapis.com/kubernetes",
            "maintenance_policy": [],
            "master_auth": [
              {
                "client_certificate": "",
                "client_certificate_config": [
                  {
                    "issue_client_certificate": false
                  }
                ],
                "client_key": "",
                "cluster_ca_certificate": "LS0tLS1CRUdJTiBDRVJUSUZJQ0FURS0tLS0tCk1JSURERENDQWZTZ0F3SUJBZ0lSQU9iNXRJY3AvU0ZFZ1B2dVFyRUU1amd3RFFZSktvWklodmNOQVFFTEJRQXcKTHpFdE1Dc0dBMVVFQXhNa1lqYzNOMlEwWm1VdFl6STVOeTAwTURNNUxXRXpNMll0WWpGak1EUmlZVGsxWVdJNApNQjRYRFRJd01EUXdPVEUzTURJME1Wb1hEVEkxTURRd09ERTRNREkwTVZvd0x6RXRNQ3NHQTFVRUF4TWtZamMzCk4yUTBabVV0WXpJNU55MDBNRE01TFdFek0yWXRZakZqTURSaVlUazFZV0k0TUlJQklqQU5CZ2txaGtpRzl3MEIKQVFFRkFBT0NBUThBTUlJQkNnS0NBUUVBdUhVUVFucDk5ODBlQ2JrRG1BcHJXcUwvTmkxeGF1cmNyVmh6VlB3RQpQL1V3cmRNZHBUWEtPNjBBRFVhdmYzelpMWlgyOUVZblh3RGZ3RWFtNmplVXhjcDB5d005aGVTeVczcW1CSHQ5CjdzR2NuVEpsUEdTWFgwN2Q0RTQxUlJPVDdYcVVuZGpBQ1ZZSEFWV2t3R01aQUdXdlhWWmY4Nndxb0VESWZoT00Kb3NSWmxYRXBoNVk2YkU0S1Vpa0ZBRkpXZkVvcnRpdDBmNjhMcWhSdnkwVUZqc1plS3ZXcU8wMjBYQXhKTVBCVgpkR0YyaFU5WXUrQkpuYjBrWERKWk5GU2VZdkwvRG1jNUhLSk9ieEJmZ3JvUWRiU3VmSHlJbDdObGZORFVMaEZQCkFYZGd2cEk2ci9uNXZCZjA0OGpVWjZ4M1ZaNHdiQ0t2aTh3VW5YSkpoN2dhdlFJREFRQUJveU13SVRBT0JnTlYKSFE4QkFmOEVCQU1DQWdRd0R3WURWUjBUQVFIL0JBVXdBd0VCL3pBTkJna3Foa2lHOXcwQkFRc0ZBQU9DQVFFQQpuTkw4T0lmeXJTSmhuZkpqMUlCa1hqOVNtK1ZyWVFFS3o3Sm9uL2ZDOTZKRTZTNXQ4Tk1QYXZwWHRZQ3ZTc2JGCjRMcTFqVEtCMUxOYm93TzFYOWlkVENVWE5hRGZHWFdnUlc2TXF1bmhMdWhrQ0VSRWZ5UlB6aDZtSXBGaWFHdU8KandtY3MxbUhkdEwvZFJ5SURpY0dPZEwzS1pkd1lzNnFqMmZwTzJsQjEvakxFODRBU0FXaTVqaTZMdG1nTUd2RApVQ3Urb25aTkFlRGNzbGN0OGttRkxTYnZPWFUxemNqOFIzcDV0WXNMbU5IRGlrRFBraXlaYWw3bjZ5RXltam52Cm9aWUt5ZTVwMDhIVm9JNzhxK1REbldWMGFKTjRscnRQU2lGemQ3NlQ1YmxiRytTTDFRQk9mWDVxekswczlZU1AKWkdoWmFvaWRyQ0E0QVJCS1ZHRE00QT09Ci0tLS0tRU5EIENFUlRJRklDQVRFLS0tLS0K",
                "password": "",
                "username": ""
              }
            ],
            "master_authorized_networks_config": [],
            "master_version": "1.14.10-gke.27",
            "min_master_version": null,
            "monitoring_service": "monitoring.googleapis.com/kubernetes",
            "name": "exam-cluster",
            "network": "projects/exam-devops/global/networks/default",
            "network_policy": [
              {
                "enabled": false,
                "provider": "PROVIDER_UNSPECIFIED"
              }
            ],
            "node_config": [],
            "node_locations": [
              "us-central1-a",
              "us-central1-c",
              "us-central1-f"
            ],
            "node_pool": [],
            "node_version": "1.14.10-gke.27",
            "operation": null,
            "pod_security_policy_config": null,
            "private_cluster_config": [],
            "project": "exam-devops",
            "region": null,
            "remove_default_node_pool": true,
            "resource_labels": null,
            "services_ipv4_cidr": "10.23.240.0/20",
            "subnetwork": "projects/exam-devops/regions/us-central1/subnetworks/default",
            "timeouts": null,
            "vertical_pod_autoscaling": [],
            "zone": null
          },
          "private": "eyJlMmJmYjczMC1lY2FhLTExZTYtOGY4OC0zNDM2M2JjN2M0YzAiOnsiY3JlYXRlIjoyNDAwMDAwMDAwMDAwLCJkZWxldGUiOjI0MDAwMDAwMDAwMDAsInVwZGF0ZSI6MzYwMDAwMDAwMDAwMH0sInNjaGVtYV92ZXJzaW9uIjoiMSJ9"
        }
      ]
    },
    {
      "mode": "managed",
      "type": "google_container_node_pool",
      "name": "primary_nodes",
      "provider": "provider.google",
      "instances": [
        {
          "schema_version": 1,
          "attributes": {
            "autoscaling": [],
            "cluster": "exam-cluster",
            "id": "projects/exam-devops/locations/us-central1/clusters/exam-cluster/nodePools/exam-cluster-node-pool",
            "initial_node_count": 1,
            "instance_group_urls": [
              "https://www.googleapis.com/compute/v1/projects/exam-devops/zones/us-central1-c/instanceGroupManagers/gke-exam-cluster-exam-cluster-node-po-c46390ba-grp",
              "https://www.googleapis.com/compute/v1/projects/exam-devops/zones/us-central1-a/instanceGroupManagers/gke-exam-cluster-exam-cluster-node-po-98cdcffc-grp",
              "https://www.googleapis.com/compute/v1/projects/exam-devops/zones/us-central1-f/instanceGroupManagers/gke-exam-cluster-exam-cluster-node-po-d38eef8b-grp"
            ],
            "location": "us-central1",
            "management": [
              {
                "auto_repair": false,
                "auto_upgrade": true
              }
            ],
            "max_pods_per_node": null,
            "name": "exam-cluster-node-pool",
            "name_prefix": "",
            "node_config": [
              {
                "disk_size_gb": 100,
                "disk_type": "pd-standard",
                "guest_accelerator": [],
                "image_type": "COS",
                "labels": {},
                "local_ssd_count": 0,
                "machine_type": "n1-standard-1",
                "metadata": {
                  "disable-legacy-endpoints": "true"
                },
                "min_cpu_platform": "",
                "oauth_scopes": [
                  "https://www.googleapis.com/auth/logging.write",
                  "https://www.googleapis.com/auth/monitoring"
                ],
                "preemptible": true,
                "sandbox_config": [],
                "service_account": "default",
                "shielded_instance_config": [
                  {
                    "enable_integrity_monitoring": true,
                    "enable_secure_boot": false
                  }
                ],
                "tags": null,
                "taint": [],
                "workload_metadata_config": []
              }
            ],
            "node_count": 1,
            "project": "exam-devops",
            "region": null,
            "timeouts": null,
            "version": "1.14.10-gke.27",
            "zone": null
          },
          "private": "eyJlMmJmYjczMC1lY2FhLTExZTYtOGY4OC0zNDM2M2JjN2M0YzAiOnsiY3JlYXRlIjoxODAwMDAwMDAwMDAwLCJkZWxldGUiOjE4MDAwMDAwMDAwMDAsInVwZGF0ZSI6MTgwMDAwMDAwMDAwMH0sInNjaGVtYV92ZXJzaW9uIjoiMSJ9",
          "dependencies": [
            "google_container_cluster.primary"
          ]
        }
      ]
    }
  ]
}
